
Microsoft Visual Studio Solution File, Format Version 12.00
# Visual Studio 15
VisualStudioVersion = 15.0.26124.0
MinimumVisualStudioVersion = 15.0.26124.0
Project("{FAE04EC0-301F-11D3-BF4B-00C04F79EFBC}") = "HotelReservationWebsite", "HotelReservationWebsite\HotelReservationWebsite.csproj", "{C20840D4-4D4C-453B-BEA9-EB2409CFD2C7}"
EndProject
Project("{FAE04EC0-301F-11D3-BF4B-00C04F79EFBC}") = "HotelReservationWebsiteAPI", "HotelReservationWebsiteAPI\HotelReservationWebsiteAPI.csproj", "{9155DC9E-C0B8-4892-B635-7F420C80F5CA}"
EndProject
Project("{FAE04EC0-301F-11D3-BF4B-00C04F79EFBC}") = "IdentityAPI", "IdentityAPI\IdentityAPI.csproj", "{8C63E144-3EBE-4465-B87E-8A3AD33F81F4}"
EndProject
Project("{FAE04EC0-301F-11D3-BF4B-00C04F79EFBC}") = "Client", "Client\Client.csproj", "{D23FF6C0-7BAE-4FB1-B730-15FFBAF35E8A}"
EndProject
Project("{FAE04EC0-301F-11D3-BF4B-00C04F79EFBC}") = "CartAPI", "CartAPI\CartAPI.csproj", "{C189D110-949D-4ABB-9502-F586E5C09AC2}"
EndProject
Global
	GlobalSection(SolutionConfigurationPlatforms) = preSolution
		Debug|Any CPU = Debug|Any CPU
		Debug|x64 = Debug|x64
		Debug|x86 = Debug|x86
		Release|Any CPU = Release|Any CPU
		Release|x64 = Release|x64
		Release|x86 = Release|x86
	EndGlobalSection
	GlobalSection(SolutionProperties) = preSolution
		HideSolutionNode = FALSE
	EndGlobalSection
	GlobalSection(ProjectConfigurationPlatforms) = postSolution
		{C20840D4-4D4C-453B-BEA9-EB2409CFD2C7}.Debug|Any CPU.ActiveCfg = Debug|Any CPU
		{C20840D4-4D4C-453B-BEA9-EB2409CFD2C7}.Debug|Any CPU.Build.0 = Debug|Any CPU
		{C20840D4-4D4C-453B-BEA9-EB2409CFD2C7}.Debug|x64.ActiveCfg = Debug|Any CPU
		{C20840D4-4D4C-453B-BEA9-EB2409CFD2C7}.Debug|x64.Build.0 = Debug|Any CPU
		{C20840D4-4D4C-453B-BEA9-EB2409CFD2C7}.Debug|x86.ActiveCfg = Debug|Any CPU
		{C20840D4-4D4C-453B-BEA9-EB2409CFD2C7}.Debug|x86.Build.0 = Debug|Any CPU
		{C20840D4-4D4C-453B-BEA9-EB2409CFD2C7}.Release|Any CPU.ActiveCfg = Release|Any CPU
		{C20840D4-4D4C-453B-BEA9-EB2409CFD2C7}.Release|Any CPU.Build.0 = Release|Any CPU
		{C20840D4-4D4C-453B-BEA9-EB2409CFD2C7}.Release|x64.ActiveCfg = Release|Any CPU
		{C20840D4-4D4C-453B-BEA9-EB2409CFD2C7}.Release|x64.Build.0 = Release|Any CPU
		{C20840D4-4D4C-453B-BEA9-EB2409CFD2C7}.Release|x86.ActiveCfg = Release|Any CPU
		{C20840D4-4D4C-453B-BEA9-EB2409CFD2C7}.Release|x86.Build.0 = Release|Any CPU
		{9155DC9E-C0B8-4892-B635-7F420C80F5CA}.Debug|Any CPU.ActiveCfg = Debug|Any CPU
		{9155DC9E-C0B8-4892-B635-7F420C80F5CA}.Debug|Any CPU.Build.0 = Debug|Any CPU
		{9155DC9E-C0B8-4892-B635-7F420C80F5CA}.Debug|x64.ActiveCfg = Debug|Any CPU
		{9155DC9E-C0B8-4892-B635-7F420C80F5CA}.Debug|x64.Build.0 = Debug|Any CPU
		{9155DC9E-C0B8-4892-B635-7F420C80F5CA}.Debug|x86.ActiveCfg = Debug|Any CPU
		{9155DC9E-C0B8-4892-B635-7F420C80F5CA}.Debug|x86.Build.0 = Debug|Any CPU
		{9155DC9E-C0B8-4892-B635-7F420C80F5CA}.Release|Any CPU.ActiveCfg = Release|Any CPU
		{9155DC9E-C0B8-4892-B635-7F420C80F5CA}.Release|Any CPU.Build.0 = Release|Any CPU
		{9155DC9E-C0B8-4892-B635-7F420C80F5CA}.Release|x64.ActiveCfg = Release|Any CPU
		{9155DC9E-C0B8-4892-B635-7F420C80F5CA}.Release|x64.Build.0 = Release|Any CPU
		{9155DC9E-C0B8-4892-B635-7F420C80F5CA}.Release|x86.ActiveCfg = Release|Any CPU
		{9155DC9E-C0B8-4892-B635-7F420C80F5CA}.Release|x86.Build.0 = Release|Any CPU
		{8C63E144-3EBE-4465-B87E-8A3AD33F81F4}.Debug|Any CPU.ActiveCfg = Debug|Any CPU
		{8C63E144-3EBE-4465-B87E-8A3AD33F81F4}.Debug|Any CPU.Build.0 = Debug|Any CPU
		{8C63E144-3EBE-4465-B87E-8A3AD33F81F4}.Debug|x64.ActiveCfg = Debug|Any CPU
		{8C63E144-3EBE-4465-B87E-8A3AD33F81F4}.Debug|x64.Build.0 = Debug|Any CPU
		{8C63E144-3EBE-4465-B87E-8A3AD33F81F4}.Debug|x86.ActiveCfg = Debug|Any CPU
		{8C63E144-3EBE-4465-B87E-8A3AD33F81F4}.Debug|x86.Build.0 = Debug|Any CPU
		{8C63E144-3EBE-4465-B87E-8A3AD33F81F4}.Release|Any CPU.ActiveCfg = Release|Any CPU
		{8C63E144-3EBE-4465-B87E-8A3AD33F81F4}.Release|Any CPU.Build.0 = Release|Any CPU
		{8C63E144-3EBE-4465-B87E-8A3AD33F81F4}.Release|x64.ActiveCfg = Release|Any CPU
		{8C63E144-3EBE-4465-B87E-8A3AD33F81F4}.Release|x64.Build.0 = Release|Any CPU
		{8C63E144-3EBE-4465-B87E-8A3AD33F81F4}.Release|x86.ActiveCfg = Release|Any CPU
		{8C63E144-3EBE-4465-B87E-8A3AD33F81F4}.Release|x86.Build.0 = Release|Any CPU
		{D23FF6C0-7BAE-4FB1-B730-15FFBAF35E8A}.Debug|Any CPU.ActiveCfg = Debug|Any CPU
		{D23FF6C0-7BAE-4FB1-B730-15FFBAF35E8A}.Debug|Any CPU.Build.0 = Debug|Any CPU
		{D23FF6C0-7BAE-4FB1-B730-15FFBAF35E8A}.Debug|x64.ActiveCfg = Debug|Any CPU
		{D23FF6C0-7BAE-4FB1-B730-15FFBAF35E8A}.Debug|x64.Build.0 = Debug|Any CPU
		{D23FF6C0-7BAE-4FB1-B730-15FFBAF35E8A}.Debug|x86.ActiveCfg = Debug|Any CPU
		{D23FF6C0-7BAE-4FB1-B730-15FFBAF35E8A}.Debug|x86.Build.0 = Debug|Any CPU
		{D23FF6C0-7BAE-4FB1-B730-15FFBAF35E8A}.Release|Any CPU.ActiveCfg = Release|Any CPU
		{D23FF6C0-7BAE-4FB1-B730-15FFBAF35E8A}.Release|Any CPU.Build.0 = Release|Any CPU
		{D23FF6C0-7BAE-4FB1-B730-15FFBAF35E8A}.Release|x64.ActiveCfg = Release|Any CPU
		{D23FF6C0-7BAE-4FB1-B730-15FFBAF35E8A}.Release|x64.Build.0 = Release|Any CPU
		{D23FF6C0-7BAE-4FB1-B730-15FFBAF35E8A}.Release|x86.ActiveCfg = Release|Any CPU
		{D23FF6C0-7BAE-4FB1-B730-15FFBAF35E8A}.Release|x86.Build.0 = Release|Any CPU
		{C189D110-949D-4ABB-9502-F586E5C09AC2}.Debug|Any CPU.ActiveCfg = Debug|Any CPU
		{C189D110-949D-4ABB-9502-F586E5C09AC2}.Debug|Any CPU.Build.0 = Debug|Any CPU
		{C189D110-949D-4ABB-9502-F586E5C09AC2}.Debug|x64.ActiveCfg = Debug|Any CPU
		{C189D110-949D-4ABB-9502-F586E5C09AC2}.Debug|x64.Build.0 = Debug|Any CPU
		{C189D110-949D-4ABB-9502-F586E5C09AC2}.Debug|x86.ActiveCfg = Debug|Any CPU
		{C189D110-949D-4ABB-9502-F586E5C09AC2}.Debug|x86.Build.0 = Debug|Any CPU
		{C189D110-949D-4ABB-9502-F586E5C09AC2}.Release|Any CPU.ActiveCfg = Release|Any CPU
		{C189D110-949D-4ABB-9502-F586E5C09AC2}.Release|Any CPU.Build.0 = Release|Any CPU
		{C189D110-949D-4ABB-9502-F586E5C09AC2}.Release|x64.ActiveCfg = Release|Any CPU
		{C189D110-949D-4ABB-9502-F586E5C09AC2}.Release|x64.Build.0 = Release|Any CPU
		{C189D110-949D-4ABB-9502-F586E5C09AC2}.Release|x86.ActiveCfg = Release|Any CPU
		{C189D110-949D-4ABB-9502-F586E5C09AC2}.Release|x86.Build.0 = Release|Any CPU
	EndGlobalSection
EndGlobal
